// !$*UTF8*$!
{
	archiveVersion = 1;
	classes = {
	};
	objectVersion = 50;
	objects = {

/* Begin PBXBuildFile section */
		BD52BE44230DA8750078A7E4 /* AppDelegate.swift in Sources */ = {isa = PBXBuildFile; fileRef = BD52BE43230DA8750078A7E4 /* AppDelegate.swift */; };
		BD52BE4B230DA8770078A7E4 /* Assets.xcassets in Resources */ = {isa = PBXBuildFile; fileRef = BD52BE4A230DA8770078A7E4 /* Assets.xcassets */; };
		BD52BE4E230DA8770078A7E4 /* LaunchScreen.storyboard in Resources */ = {isa = PBXBuildFile; fileRef = BD52BE4C230DA8770078A7E4 /* LaunchScreen.storyboard */; };
		BD52BE57230DA8C10078A7E4 /* Main.storyboard in Resources */ = {isa = PBXBuildFile; fileRef = BD52BE55230DA8C10078A7E4 /* Main.storyboard */; };
		BD52BE68230DA9D70078A7E4 /* RPN.framework in Frameworks */ = {isa = PBXBuildFile; fileRef = BD52BE5F230DA9D70078A7E4 /* RPN.framework */; };
		BD52BE71230DA9D70078A7E4 /* RPN.h in Headers */ = {isa = PBXBuildFile; fileRef = BD52BE61230DA9D70078A7E4 /* RPN.h */; settings = {ATTRIBUTES = (Public, ); }; };
		BD52BE74230DA9D70078A7E4 /* RPN.framework in Frameworks */ = {isa = PBXBuildFile; fileRef = BD52BE5F230DA9D70078A7E4 /* RPN.framework */; };
		BD52BE75230DA9D70078A7E4 /* RPN.framework in Embed Frameworks */ = {isa = PBXBuildFile; fileRef = BD52BE5F230DA9D70078A7E4 /* RPN.framework */; settings = {ATTRIBUTES = (CodeSignOnCopy, RemoveHeadersOnCopy, ); }; };
		BD52BE7E230DABCF0078A7E4 /* Stack.swift in Sources */ = {isa = PBXBuildFile; fileRef = BD52BE7D230DABCF0078A7E4 /* Stack.swift */; };
		BD52BE80230DAD140078A7E4 /* StackTests.swift in Sources */ = {isa = PBXBuildFile; fileRef = BD52BE7F230DAD140078A7E4 /* StackTests.swift */; };
		BD52BE82230DB3590078A7E4 /* Calculator.swift in Sources */ = {isa = PBXBuildFile; fileRef = BD52BE81230DB3590078A7E4 /* Calculator.swift */; };
		BD52BE84230DB4880078A7E4 /* CalculatorTests.swift in Sources */ = {isa = PBXBuildFile; fileRef = BD52BE83230DB4880078A7E4 /* CalculatorTests.swift */; };
		BD52BE85230DBB770078A7E4 /* CalculatorViewController.swift in Sources */ = {isa = PBXBuildFile; fileRef = BD52BE56230DA8C10078A7E4 /* CalculatorViewController.swift */; };
		BD52BE87230DBD0D0078A7E4 /* DigitAccumulator.swift in Sources */ = {isa = PBXBuildFile; fileRef = BD52BE86230DBD0D0078A7E4 /* DigitAccumulator.swift */; };
/* End PBXBuildFile section */

/* Begin PBXContainerItemProxy section */
		BD52BE69230DA9D70078A7E4 /* PBXContainerItemProxy */ = {
			isa = PBXContainerItemProxy;
			containerPortal = BD52BE38230DA8750078A7E4 /* Project object */;
			proxyType = 1;
			remoteGlobalIDString = BD52BE5E230DA9D70078A7E4;
			remoteInfo = RPN;
		};
		BD52BE6B230DA9D70078A7E4 /* PBXContainerItemProxy */ = {
			isa = PBXContainerItemProxy;
			containerPortal = BD52BE38230DA8750078A7E4 /* Project object */;
			proxyType = 1;
			remoteGlobalIDString = BD52BE3F230DA8750078A7E4;
			remoteInfo = "iOS7-RPN-Calculator";
		};
		BD52BE72230DA9D70078A7E4 /* PBXContainerItemProxy */ = {
			isa = PBXContainerItemProxy;
			containerPortal = BD52BE38230DA8750078A7E4 /* Project object */;
			proxyType = 1;
			remoteGlobalIDString = BD52BE5E230DA9D70078A7E4;
			remoteInfo = RPN;
		};
/* End PBXContainerItemProxy section */

/* Begin PBXCopyFilesBuildPhase section */
		BD52BE79230DA9D70078A7E4 /* Embed Frameworks */ = {
			isa = PBXCopyFilesBuildPhase;
			buildActionMask = 2147483647;
			dstPath = "";
			dstSubfolderSpec = 10;
			files = (
				BD52BE75230DA9D70078A7E4 /* RPN.framework in Embed Frameworks */,
			);
			name = "Embed Frameworks";
			runOnlyForDeploymentPostprocessing = 0;
		};
/* End PBXCopyFilesBuildPhase section */

/* Begin PBXFileReference section */
		BD52BE40230DA8750078A7E4 /* iOS7-RPN-Calculator.app */ = {isa = PBXFileReference; explicitFileType = wrapper.application; includeInIndex = 0; path = "iOS7-RPN-Calculator.app"; sourceTree = BUILT_PRODUCTS_DIR; };
		BD52BE43230DA8750078A7E4 /* AppDelegate.swift */ = {isa = PBXFileReference; lastKnownFileType = sourcecode.swift; path = AppDelegate.swift; sourceTree = "<group>"; };
		BD52BE4A230DA8770078A7E4 /* Assets.xcassets */ = {isa = PBXFileReference; lastKnownFileType = folder.assetcatalog; path = Assets.xcassets; sourceTree = "<group>"; };
		BD52BE4D230DA8770078A7E4 /* Base */ = {isa = PBXFileReference; lastKnownFileType = file.storyboard; name = Base; path = Base.lproj/LaunchScreen.storyboard; sourceTree = "<group>"; };
		BD52BE4F230DA8770078A7E4 /* Info.plist */ = {isa = PBXFileReference; lastKnownFileType = text.plist.xml; path = Info.plist; sourceTree = "<group>"; };
		BD52BE55230DA8C10078A7E4 /* Main.storyboard */ = {isa = PBXFileReference; fileEncoding = 4; lastKnownFileType = file.storyboard; path = Main.storyboard; sourceTree = "<group>"; };
		BD52BE56230DA8C10078A7E4 /* CalculatorViewController.swift */ = {isa = PBXFileReference; fileEncoding = 4; lastKnownFileType = sourcecode.swift; path = CalculatorViewController.swift; sourceTree = "<group>"; };
		BD52BE5F230DA9D70078A7E4 /* RPN.framework */ = {isa = PBXFileReference; explicitFileType = wrapper.framework; includeInIndex = 0; path = RPN.framework; sourceTree = BUILT_PRODUCTS_DIR; };
		BD52BE61230DA9D70078A7E4 /* RPN.h */ = {isa = PBXFileReference; lastKnownFileType = sourcecode.c.h; path = RPN.h; sourceTree = "<group>"; };
		BD52BE62230DA9D70078A7E4 /* Info.plist */ = {isa = PBXFileReference; lastKnownFileType = text.plist.xml; path = Info.plist; sourceTree = "<group>"; };
		BD52BE67230DA9D70078A7E4 /* RPNTests.xctest */ = {isa = PBXFileReference; explicitFileType = wrapper.cfbundle; includeInIndex = 0; path = RPNTests.xctest; sourceTree = BUILT_PRODUCTS_DIR; };
		BD52BE70230DA9D70078A7E4 /* Info.plist */ = {isa = PBXFileReference; lastKnownFileType = text.plist.xml; path = Info.plist; sourceTree = "<group>"; };
		BD52BE7D230DABCF0078A7E4 /* Stack.swift */ = {isa = PBXFileReference; lastKnownFileType = sourcecode.swift; path = Stack.swift; sourceTree = "<group>"; };
		BD52BE7F230DAD140078A7E4 /* StackTests.swift */ = {isa = PBXFileReference; lastKnownFileType = sourcecode.swift; path = StackTests.swift; sourceTree = "<group>"; };
		BD52BE81230DB3590078A7E4 /* Calculator.swift */ = {isa = PBXFileReference; lastKnownFileType = sourcecode.swift; path = Calculator.swift; sourceTree = "<group>"; };
		BD52BE83230DB4880078A7E4 /* CalculatorTests.swift */ = {isa = PBXFileReference; lastKnownFileType = sourcecode.swift; path = CalculatorTests.swift; sourceTree = "<group>"; };
		BD52BE86230DBD0D0078A7E4 /* DigitAccumulator.swift */ = {isa = PBXFileReference; lastKnownFileType = sourcecode.swift; path = DigitAccumulator.swift; sourceTree = "<group>"; };
/* End PBXFileReference section */

/* Begin PBXFrameworksBuildPhase section */
		BD52BE3D230DA8750078A7E4 /* Frameworks */ = {
			isa = PBXFrameworksBuildPhase;
			buildActionMask = 2147483647;
			files = (
				BD52BE74230DA9D70078A7E4 /* RPN.framework in Frameworks */,
			);
			runOnlyForDeploymentPostprocessing = 0;
		};
		BD52BE5C230DA9D70078A7E4 /* Frameworks */ = {
			isa = PBXFrameworksBuildPhase;
			buildActionMask = 2147483647;
			files = (
			);
			runOnlyForDeploymentPostprocessing = 0;
		};
		BD52BE64230DA9D70078A7E4 /* Frameworks */ = {
			isa = PBXFrameworksBuildPhase;
			buildActionMask = 2147483647;
			files = (
				BD52BE68230DA9D70078A7E4 /* RPN.framework in Frameworks */,
			);
			runOnlyForDeploymentPostprocessing = 0;
		};
/* End PBXFrameworksBuildPhase section */

/* Begin PBXGroup section */
		BD52BE37230DA8750078A7E4 = {
			isa = PBXGroup;
			children = (
				BD52BE42230DA8750078A7E4 /* iOS7-RPN-Calculator */,
				BD52BE60230DA9D70078A7E4 /* RPN */,
				BD52BE6D230DA9D70078A7E4 /* RPNTests */,
				BD52BE41230DA8750078A7E4 /* Products */,
			);
			sourceTree = "<group>";
		};
		BD52BE41230DA8750078A7E4 /* Products */ = {
			isa = PBXGroup;
			children = (
				BD52BE40230DA8750078A7E4 /* iOS7-RPN-Calculator.app */,
				BD52BE5F230DA9D70078A7E4 /* RPN.framework */,
				BD52BE67230DA9D70078A7E4 /* RPNTests.xctest */,
			);
			name = Products;
			sourceTree = "<group>";
		};
		BD52BE42230DA8750078A7E4 /* iOS7-RPN-Calculator */ = {
			isa = PBXGroup;
			children = (
				BD52BE43230DA8750078A7E4 /* AppDelegate.swift */,
				BD52BE56230DA8C10078A7E4 /* CalculatorViewController.swift */,
				BD52BE55230DA8C10078A7E4 /* Main.storyboard */,
				BD52BE4A230DA8770078A7E4 /* Assets.xcassets */,
				BD52BE4C230DA8770078A7E4 /* LaunchScreen.storyboard */,
				BD52BE4F230DA8770078A7E4 /* Info.plist */,
			);
			path = "iOS7-RPN-Calculator";
			sourceTree = "<group>";
		};
		BD52BE60230DA9D70078A7E4 /* RPN */ = {
			isa = PBXGroup;
			children = (
				BD52BE61230DA9D70078A7E4 /* RPN.h */,
				BD52BE62230DA9D70078A7E4 /* Info.plist */,
				BD52BE7D230DABCF0078A7E4 /* Stack.swift */,
				BD52BE86230DBD0D0078A7E4 /* DigitAccumulator.swift */,
				BD52BE81230DB3590078A7E4 /* Calculator.swift */,
			);
			path = RPN;
			sourceTree = "<group>";
		};
		BD52BE6D230DA9D70078A7E4 /* RPNTests */ = {
			isa = PBXGroup;
			children = (
				BD52BE7F230DAD140078A7E4 /* StackTests.swift */,
				BD52BE83230DB4880078A7E4 /* CalculatorTests.swift */,
				BD52BE70230DA9D70078A7E4 /* Info.plist */,
			);
			path = RPNTests;
			sourceTree = "<group>";
		};
/* End PBXGroup section */

/* Begin PBXHeadersBuildPhase section */
		BD52BE5A230DA9D70078A7E4 /* Headers */ = {
			isa = PBXHeadersBuildPhase;
			buildActionMask = 2147483647;
			files = (
				BD52BE71230DA9D70078A7E4 /* RPN.h in Headers */,
			);
			runOnlyForDeploymentPostprocessing = 0;
		};
/* End PBXHeadersBuildPhase section */

/* Begin PBXNativeTarget section */
		BD52BE3F230DA8750078A7E4 /* iOS7-RPN-Calculator */ = {
			isa = PBXNativeTarget;
			buildConfigurationList = BD52BE52230DA8770078A7E4 /* Build configuration list for PBXNativeTarget "iOS7-RPN-Calculator" */;
			buildPhases = (
				BD52BE3C230DA8750078A7E4 /* Sources */,
				BD52BE3D230DA8750078A7E4 /* Frameworks */,
				BD52BE3E230DA8750078A7E4 /* Resources */,
				BD52BE79230DA9D70078A7E4 /* Embed Frameworks */,
			);
			buildRules = (
			);
			dependencies = (
				BD52BE73230DA9D70078A7E4 /* PBXTargetDependency */,
			);
			name = "iOS7-RPN-Calculator";
			productName = "iOS7-RPN-Calculator";
			productReference = BD52BE40230DA8750078A7E4 /* iOS7-RPN-Calculator.app */;
			productType = "com.apple.product-type.application";
		};
		BD52BE5E230DA9D70078A7E4 /* RPN */ = {
			isa = PBXNativeTarget;
			buildConfigurationList = BD52BE76230DA9D70078A7E4 /* Build configuration list for PBXNativeTarget "RPN" */;
			buildPhases = (
				BD52BE5A230DA9D70078A7E4 /* Headers */,
				BD52BE5B230DA9D70078A7E4 /* Sources */,
				BD52BE5C230DA9D70078A7E4 /* Frameworks */,
				BD52BE5D230DA9D70078A7E4 /* Resources */,
			);
			buildRules = (
			);
			dependencies = (
			);
			name = RPN;
			productName = RPN;
			productReference = BD52BE5F230DA9D70078A7E4 /* RPN.framework */;
			productType = "com.apple.product-type.framework";
		};
		BD52BE66230DA9D70078A7E4 /* RPNTests */ = {
			isa = PBXNativeTarget;
			buildConfigurationList = BD52BE7A230DA9D70078A7E4 /* Build configuration list for PBXNativeTarget "RPNTests" */;
			buildPhases = (
				BD52BE63230DA9D70078A7E4 /* Sources */,
				BD52BE64230DA9D70078A7E4 /* Frameworks */,
				BD52BE65230DA9D70078A7E4 /* Resources */,
			);
			buildRules = (
			);
			dependencies = (
				BD52BE6A230DA9D70078A7E4 /* PBXTargetDependency */,
				BD52BE6C230DA9D70078A7E4 /* PBXTargetDependency */,
			);
			name = RPNTests;
			productName = RPNTests;
			productReference = BD52BE67230DA9D70078A7E4 /* RPNTests.xctest */;
			productType = "com.apple.product-type.bundle.unit-test";
		};
/* End PBXNativeTarget section */

/* Begin PBXProject section */
		BD52BE38230DA8750078A7E4 /* Project object */ = {
			isa = PBXProject;
			attributes = {
				LastSwiftUpdateCheck = 1030;
				LastUpgradeCheck = 1030;
				ORGANIZATIONNAME = "Lambda, Inc";
				TargetAttributes = {
					BD52BE3F230DA8750078A7E4 = {
						CreatedOnToolsVersion = 10.3;
					};
					BD52BE5E230DA9D70078A7E4 = {
						CreatedOnToolsVersion = 10.3;
						LastSwiftMigration = 1030;
					};
					BD52BE66230DA9D70078A7E4 = {
						CreatedOnToolsVersion = 10.3;
						TestTargetID = BD52BE3F230DA8750078A7E4;
					};
				};
			};
			buildConfigurationList = BD52BE3B230DA8750078A7E4 /* Build configuration list for PBXProject "iOS7-RPN-Calculator" */;
			compatibilityVersion = "Xcode 9.3";
			developmentRegion = en;
			hasScannedForEncodings = 0;
			knownRegions = (
				en,
				Base,
			);
			mainGroup = BD52BE37230DA8750078A7E4;
			productRefGroup = BD52BE41230DA8750078A7E4 /* Products */;
			projectDirPath = "";
			projectRoot = "";
			targets = (
				BD52BE3F230DA8750078A7E4 /* iOS7-RPN-Calculator */,
				BD52BE5E230DA9D70078A7E4 /* RPN */,
				BD52BE66230DA9D70078A7E4 /* RPNTests */,
			);
		};
/* End PBXProject section */

/* Begin PBXResourcesBuildPhase section */
		BD52BE3E230DA8750078A7E4 /* Resources */ = {
			isa = PBXResourcesBuildPhase;
			buildActionMask = 2147483647;
			files = (
				BD52BE57230DA8C10078A7E4 /* Main.storyboard in Resources */,
				BD52BE4E230DA8770078A7E4 /* LaunchScreen.storyboard in Resources */,
				BD52BE4B230DA8770078A7E4 /* Assets.xcassets in Resources */,
			);
			runOnlyForDeploymentPostprocessing = 0;
		};
		BD52BE5D230DA9D70078A7E4 /* Resources */ = {
			isa = PBXResourcesBuildPhase;
			buildActionMask = 2147483647;
			files = (
			);
			runOnlyForDeploymentPostprocessing = 0;
		};
		BD52BE65230DA9D70078A7E4 /* Resources */ = {
			isa = PBXResourcesBuildPhase;
			buildActionMask = 2147483647;
			files = (
			);
			runOnlyForDeploymentPostprocessing = 0;
		};
/* End PBXResourcesBuildPhase section */

/* Begin PBXSourcesBuildPhase section */
		BD52BE3C230DA8750078A7E4 /* Sources */ = {
			isa = PBXSourcesBuildPhase;
			buildActionMask = 2147483647;
			files = (
				BD52BE85230DBB770078A7E4 /* CalculatorViewController.swift in Sources */,
				BD52BE44230DA8750078A7E4 /* AppDelegate.swift in Sources */,
			);
			runOnlyForDeploymentPostprocessing = 0;
		};
		BD52BE5B230DA9D70078A7E4 /* Sources */ = {
			isa = PBXSourcesBuildPhase;
			buildActionMask = 2147483647;
			files = (
				BD52BE7E230DABCF0078A7E4 /* Stack.swift in Sources */,
				BD52BE87230DBD0D0078A7E4 /* DigitAccumulator.swift in Sources */,
				BD52BE82230DB3590078A7E4 /* Calculator.swift in Sources */,
			);
			runOnlyForDeploymentPostprocessing = 0;
		};
		BD52BE63230DA9D70078A7E4 /* Sources */ = {
			isa = PBXSourcesBuildPhase;
			buildActionMask = 2147483647;
			files = (
				BD52BE80230DAD140078A7E4 /* StackTests.swift in Sources */,
				BD52BE84230DB4880078A7E4 /* CalculatorTests.swift in Sources */,
			);
			runOnlyForDeploymentPostprocessing = 0;
		};
/* End PBXSourcesBuildPhase section */

/* Begin PBXTargetDependency section */
		BD52BE6A230DA9D70078A7E4 /* PBXTargetDependency */ = {
			isa = PBXTargetDependency;
			target = BD52BE5E230DA9D70078A7E4 /* RPN */;
			targetProxy = BD52BE69230DA9D70078A7E4 /* PBXContainerItemProxy */;
		};
		BD52BE6C230DA9D70078A7E4 /* PBXTargetDependency */ = {
			isa = PBXTargetDependency;
			target = BD52BE3F230DA8750078A7E4 /* iOS7-RPN-Calculator */;
			targetProxy = BD52BE6B230DA9D70078A7E4 /* PBXContainerItemProxy */;
		};
		BD52BE73230DA9D70078A7E4 /* PBXTargetDependency */ = {
			isa = PBXTargetDependency;
			target = BD52BE5E230DA9D70078A7E4 /* RPN */;
			targetProxy = BD52BE72230DA9D70078A7E4 /* PBXContainerItemProxy */;
		};
/* End PBXTargetDependency section */

/* Begin PBXVariantGroup section */
		BD52BE4C230DA8770078A7E4 /* LaunchScreen.storyboard */ = {
			isa = PBXVariantGroup;
			children = (
				BD52BE4D230DA8770078A7E4 /* Base */,
			);
			name = LaunchScreen.storyboard;
			sourceTree = "<group>";
		};
/* End PBXVariantGroup section */

/* Begin XCBuildConfiguration section */
		BD52BE50230DA8770078A7E4 /* Debug */ = {
			isa = XCBuildConfiguration;
			buildSettings = {
				ALWAYS_SEARCH_USER_PATHS = NO;
				CLANG_ANALYZER_NONNULL = YES;
				CLANG_ANALYZER_NUMBER_OBJECT_CONVERSION = YES_AGGRESSIVE;
				CLANG_CXX_LANGUAGE_STANDARD = "gnu++14";
				CLANG_CXX_LIBRARY = "libc++";
				CLANG_ENABLE_MODULES = YES;
				CLANG_ENABLE_OBJC_ARC = YES;
				CLANG_ENABLE_OBJC_WEAK = YES;
				CLANG_WARN_BLOCK_CAPTURE_AUTORELEASING = YES;
				CLANG_WARN_BOOL_CONVERSION = YES;
				CLANG_WARN_COMMA = YES;
				CLANG_WARN_CONSTANT_CONVERSION = YES;
				CLANG_WARN_DEPRECATED_OBJC_IMPLEMENTATIONS = YES;
				CLANG_WARN_DIRECT_OBJC_ISA_USAGE = YES_ERROR;
				CLANG_WARN_DOCUMENTATION_COMMENTS = YES;
				CLANG_WARN_EMPTY_BODY = YES;
				CLANG_WARN_ENUM_CONVERSION = YES;
				CLANG_WARN_INFINITE_RECURSION = YES;
				CLANG_WARN_INT_CONVERSION = YES;
				CLANG_WARN_NON_LITERAL_NULL_CONVERSION = YES;
				CLANG_WARN_OBJC_IMPLICIT_RETAIN_SELF = YES;
				CLANG_WARN_OBJC_LITERAL_CONVERSION = YES;
				CLANG_WARN_OBJC_ROOT_CLASS = YES_ERROR;
				CLANG_WARN_RANGE_LOOP_ANALYSIS = YES;
				CLANG_WARN_STRICT_PROTOTYPES = YES;
				CLANG_WARN_SUSPICIOUS_MOVE = YES;
				CLANG_WARN_UNGUARDED_AVAILABILITY = YES_AGGRESSIVE;
				CLANG_WARN_UNREACHABLE_CODE = YES;
				CLANG_WARN__DUPLICATE_METHOD_MATCH = YES;
				CODE_SIGN_IDENTITY = "iPhone Developer";
				COPY_PHASE_STRIP = NO;
				DEBUG_INFORMATION_FORMAT = dwarf;
				ENABLE_STRICT_OBJC_MSGSEND = YES;
				ENABLE_TESTABILITY = YES;
				GCC_C_LANGUAGE_STANDARD = gnu11;
				GCC_DYNAMIC_NO_PIC = NO;
				GCC_NO_COMMON_BLOCKS = YES;
				GCC_OPTIMIZATION_LEVEL = 0;
				GCC_PREPROCESSOR_DEFINITIONS = (
					"DEBUG=1",
					"$(inherited)",
				);
				GCC_WARN_64_TO_32_BIT_CONVERSION = YES;
				GCC_WARN_ABOUT_RETURN_TYPE = YES_ERROR;
				GCC_WARN_UNDECLARED_SELECTOR = YES;
				GCC_WARN_UNINITIALIZED_AUTOS = YES_AGGRESSIVE;
				GCC_WARN_UNUSED_FUNCTION = YES;
				GCC_WARN_UNUSED_VARIABLE = YES;
				IPHONEOS_DEPLOYMENT_TARGET = 12.4;
				MTL_ENABLE_DEBUG_INFO = INCLUDE_SOURCE;
				MTL_FAST_MATH = YES;
				ONLY_ACTIVE_ARCH = YES;
				SDKROOT = iphoneos;
				SWIFT_ACTIVE_COMPILATION_CONDITIONS = DEBUG;
				SWIFT_OPTIMIZATION_LEVEL = "-Onone";
			};
			name = Debug;
		};
		BD52BE51230DA8770078A7E4 /* Release */ = {
			isa = XCBuildConfiguration;
			buildSettings = {
				ALWAYS_SEARCH_USER_PATHS = NO;
				CLANG_ANALYZER_NONNULL = YES;
				CLANG_ANALYZER_NUMBER_OBJECT_CONVERSION = YES_AGGRESSIVE;
				CLANG_CXX_LANGUAGE_STANDARD = "gnu++14";
				CLANG_CXX_LIBRARY = "libc++";
				CLANG_ENABLE_MODULES = YES;
				CLANG_ENABLE_OBJC_ARC = YES;
				CLANG_ENABLE_OBJC_WEAK = YES;
				CLANG_WARN_BLOCK_CAPTURE_AUTORELEASING = YES;
				CLANG_WARN_BOOL_CONVERSION = YES;
				CLANG_WARN_COMMA = YES;
				CLANG_WARN_CONSTANT_CONVERSION = YES;
				CLANG_WARN_DEPRECATED_OBJC_IMPLEMENTATIONS = YES;
				CLANG_WARN_DIRECT_OBJC_ISA_USAGE = YES_ERROR;
				CLANG_WARN_DOCUMENTATION_COMMENTS = YES;
				CLANG_WARN_EMPTY_BODY = YES;
				CLANG_WARN_ENUM_CONVERSION = YES;
				CLANG_WARN_INFINITE_RECURSION = YES;
				CLANG_WARN_INT_CONVERSION = YES;
				CLANG_WARN_NON_LITERAL_NULL_CONVERSION = YES;
				CLANG_WARN_OBJC_IMPLICIT_RETAIN_SELF = YES;
				CLANG_WARN_OBJC_LITERAL_CONVERSION = YES;
				CLANG_WARN_OBJC_ROOT_CLASS = YES_ERROR;
				CLANG_WARN_RANGE_LOOP_ANALYSIS = YES;
				CLANG_WARN_STRICT_PROTOTYPES = YES;
				CLANG_WARN_SUSPICIOUS_MOVE = YES;
				CLANG_WARN_UNGUARDED_AVAILABILITY = YES_AGGRESSIVE;
				CLANG_WARN_UNREACHABLE_CODE = YES;
				CLANG_WARN__DUPLICATE_METHOD_MATCH = YES;
				CODE_SIGN_IDENTITY = "iPhone Developer";
				COPY_PHASE_STRIP = NO;
				DEBUG_INFORMATION_FORMAT = "dwarf-with-dsym";
				ENABLE_NS_ASSERTIONS = NO;
				ENABLE_STRICT_OBJC_MSGSEND = YES;
				GCC_C_LANGUAGE_STANDARD = gnu11;
				GCC_NO_COMMON_BLOCKS = YES;
				GCC_WARN_64_TO_32_BIT_CONVERSION = YES;
				GCC_WARN_ABOUT_RETURN_TYPE = YES_ERROR;
				GCC_WARN_UNDECLARED_SELECTOR = YES;
				GCC_WARN_UNINITIALIZED_AUTOS = YES_AGGRESSIVE;
				GCC_WARN_UNUSED_FUNCTION = YES;
				GCC_WARN_UNUSED_VARIABLE = YES;
				IPHONEOS_DEPLOYMENT_TARGET = 12.4;
				MTL_ENABLE_DEBUG_INFO = NO;
				MTL_FAST_MATH = YES;
				SDKROOT = iphoneos;
				SWIFT_COMPILATION_MODE = wholemodule;
				SWIFT_OPTIMIZATION_LEVEL = "-O";
				VALIDATE_PRODUCT = YES;
			};
			name = Release;
		};
		BD52BE53230DA8770078A7E4 /* Debug */ = {
			isa = XCBuildConfiguration;
			buildSettings = {
				ALWAYS_EMBED_SWIFT_STANDARD_LIBRARIES = YES;
				ASSETCATALOG_COMPILER_APPICON_NAME = AppIcon;
				CODE_SIGN_STYLE = Automatic;
				DEVELOPMENT_TEAM = VXUQXR6S56;
				INFOPLIST_FILE = "iOS7-RPN-Calculator/Info.plist";
				LD_RUNPATH_SEARCH_PATHS = (
					"$(inherited)",
					"@executable_path/Frameworks",
				);
				PRODUCT_BUNDLE_IDENTIFIER = "com.lambdaschool.iOS7-RPN-Calculator";
				PRODUCT_NAME = "$(TARGET_NAME)";
				SWIFT_VERSION = 5.0;
				TARGETED_DEVICE_FAMILY = "1,2";
			};
			name = Debug;
		};
		BD52BE54230DA8770078A7E4 /* Release */ = {
			isa = XCBuildConfiguration;
			buildSettings = {
				ALWAYS_EMBED_SWIFT_STANDARD_LIBRARIES = YES;
				ASSETCATALOG_COMPILER_APPICON_NAME = AppIcon;
				CODE_SIGN_STYLE = Automatic;
				DEVELOPMENT_TEAM = VXUQXR6S56;
				INFOPLIST_FILE = "iOS7-RPN-Calculator/Info.plist";
				LD_RUNPATH_SEARCH_PATHS = (
					"$(inherited)",
					"@executable_path/Frameworks",
				);
				PRODUCT_BUNDLE_IDENTIFIER = "com.lambdaschool.iOS7-RPN-Calculator";
				PRODUCT_NAME = "$(TARGET_NAME)";
				SWIFT_VERSION = 5.0;
				TARGETED_DEVICE_FAMILY = "1,2";
			};
			name = Release;
		};
		BD52BE77230DA9D70078A7E4 /* Debug */ = {
			isa = XCBuildConfiguration;
			buildSettings = {
				CLANG_ENABLE_MODULES = YES;
				CODE_SIGN_IDENTITY = "";
				CODE_SIGN_STYLE = Automatic;
				CURRENT_PROJECT_VERSION = 1;
				DEFINES_MODULE = YES;
				DEVELOPMENT_TEAM = VXUQXR6S56;
				DYLIB_COMPATIBILITY_VERSION = 1;
				DYLIB_CURRENT_VERSION = 1;
				DYLIB_INSTALL_NAME_BASE = "@rpath";
				INFOPLIST_FILE = RPN/Info.plist;
				INSTALL_PATH = "$(LOCAL_LIBRARY_DIR)/Frameworks";
				LD_RUNPATH_SEARCH_PATHS = (
					"$(inherited)",
					"@executable_path/Frameworks",
					"@loader_path/Frameworks",
				);
				PRODUCT_BUNDLE_IDENTIFIER = com.lambdaschool.RPN;
				PRODUCT_NAME = "$(TARGET_NAME:c99extidentifier)";
				SKIP_INSTALL = YES;
				SWIFT_OPTIMIZATION_LEVEL = "-Onone";
				SWIFT_VERSION = 5.0;
				TARGETED_DEVICE_FAMILY = "1,2";
				VERSIONING_SYSTEM = "apple-generic";
				VERSION_INFO_PREFIX = "";
			};
			name = Debug;
		};
		BD52BE78230DA9D70078A7E4 /* Release */ = {
			isa = XCBuildConfiguration;
			buildSettings = {
				CLANG_ENABLE_MODULES = YES;
				CODE_SIGN_IDENTITY = "";
				CODE_SIGN_STYLE = Automatic;
				CURRENT_PROJECT_VERSION = 1;
				DEFINES_MODULE = YES;
				DEVELOPMENT_TEAM = VXUQXR6S56;
				DYLIB_COMPATIBILITY_VERSION = 1;
				DYLIB_CURRENT_VERSION = 1;
				DYLIB_INSTALL_NAME_BASE = "@rpath";
				INFOPLIST_FILE = RPN/Info.plist;
				INSTALL_PATH = "$(LOCAL_LIBRARY_DIR)/Frameworks";
				LD_RUNPATH_SEARCH_PATHS = (
					"$(inherited)",
					"@executable_path/Frameworks",
					"@loader_path/Frameworks",
				);
				PRODUCT_BUNDLE_IDENTIFIER = com.lambdaschool.RPN;
				PRODUCT_NAME = "$(TARGET_NAME:c99extidentifier)";
				SKIP_INSTALL = YES;
				SWIFT_VERSION = 5.0;
				TARGETED_DEVICE_FAMILY = "1,2";
				VERSIONING_SYSTEM = "apple-generic";
				VERSION_INFO_PREFIX = "";
			};
			name = Release;
		};
		BD52BE7B230DA9D70078A7E4 /* Debug */ = {
			isa = XCBuildConfiguration;
			buildSettings = {
				ALWAYS_EMBED_SWIFT_STANDARD_LIBRARIES = YES;
				CODE_SIGN_STYLE = Automatic;
				DEVELOPMENT_TEAM = VXUQXR6S56;
				INFOPLIST_FILE = RPNTests/Info.plist;
				LD_RUNPATH_SEARCH_PATHS = (
					"$(inherited)",
					"@executable_path/Frameworks",
					"@loader_path/Frameworks",
				);
				PRODUCT_BUNDLE_IDENTIFIER = com.lambdaschool.RPNTests;
				PRODUCT_NAME = "$(TARGET_NAME)";
				SWIFT_VERSION = 5.0;
				TARGETED_DEVICE_FAMILY = "1,2";
				TEST_HOST = "$(BUILT_PRODUCTS_DIR)/iOS7-RPN-Calculator.app/iOS7-RPN-Calculator";
			};
			name = Debug;
		};
		BD52BE7C230DA9D70078A7E4 /* Release */ = {
			isa = XCBuildConfiguration;
			buildSettings = {
				ALWAYS_EMBED_SWIFT_STANDARD_LIBRARIES = YES;
				CODE_SIGN_STYLE = Automatic;
				DEVELOPMENT_TEAM = VXUQXR6S56;
				INFOPLIST_FILE = RPNTests/Info.plist;
				LD_RUNPATH_SEARCH_PATHS = (
					"$(inherited)",
					"@executable_path/Frameworks",
					"@loader_path/Frameworks",
				);
				PRODUCT_BUNDLE_IDENTIFIER = com.lambdaschool.RPNTests;
				PRODUCT_NAME = "$(TARGET_NAME)";
				SWIFT_VERSION = 5.0;
				TARGETED_DEVICE_FAMILY = "1,2";
				TEST_HOST = "$(BUILT_PRODUCTS_DIR)/iOS7-RPN-Calculator.app/iOS7-RPN-Calculator";
			};
			name = Release;
		};
/* End XCBuildConfiguration section */

/* Begin XCConfigurationList section */
		BD52BE3B230DA8750078A7E4 /* Build configuration list for PBXProject "iOS7-RPN-Calculator" */ = {
			isa = XCConfigurationList;
			buildConfigurations = (
				BD52BE50230DA8770078A7E4 /* Debug */,
				BD52BE51230DA8770078A7E4 /* Release */,
			);
			defaultConfigurationIsVisible = 0;
			defaultConfigurationName = Release;
		};
		BD52BE52230DA8770078A7E4 /* Build configuration list for PBXNativeTarget "iOS7-RPN-Calculator" */ = {
			isa = XCConfigurationList;
			buildConfigurations = (
				BD52BE53230DA8770078A7E4 /* Debug */,
				BD52BE54230DA8770078A7E4 /* Release */,
			);
			defaultConfigurationIsVisible = 0;
			defaultConfigurationName = Release;
		};
		BD52BE76230DA9D70078A7E4 /* Build configuration list for PBXNativeTarget "RPN" */ = {
			isa = XCConfigurationList;
			buildConfigurations = (
				BD52BE77230DA9D70078A7E4 /* Debug */,
				BD52BE78230DA9D70078A7E4 /* Release */,
			);
			defaultConfigurationIsVisible = 0;
			defaultConfigurationName = Release;
		};
		BD52BE7A230DA9D70078A7E4 /* Build configuration list for PBXNativeTarget "RPNTests" */ = {
			isa = XCConfigurationList;
			buildConfigurations = (
				BD52BE7B230DA9D70078A7E4 /* Debug */,
				BD52BE7C230DA9D70078A7E4 /* Release */,
			);
			defaultConfigurationIsVisible = 0;
			defaultConfigurationName = Release;
		};
/* End XCConfigurationList section */
	};
	rootObject = BD52BE38230DA8750078A7E4 /* Project object */;
}
